{
  "name": "ts-turing",
  "version": "3.1.0",
  "lockfileVersion": 1,
  "requires": true,
  "dependencies": {
    "winax": {
      "version": "3.1.7",
      "resolved": "https://registry.npmjs.org/winax/-/winax-3.1.7.tgz",
      "integrity": "sha512-W1GGXCSp36u2B1c7XkfWzM8Vwuz9uDrB2t9i+GdLtKF78Ziif3RkzFF1teoC20vuDi+sC368pK9GX2cOKRbJmg=="
    }
  }
}
