# THIS IS AN AUTOGENERATED FILE. DO NOT EDIT THIS FILE DIRECTLY.
# yarn lockfile v1


"@babel/runtime@^7.13.10":
  version "7.14.6"
  resolved "https://registry.yarnpkg.com/@babel/runtime/-/runtime-7.14.6.tgz#535203bc0892efc7dec60bdc27b2ecf6e409062d"
  integrity sha512-/PCB2uJ7oM44tz8YhC4Z/6PeOKXp4K588f+5M3clr1M4zbqztlo0XEfJ2LEzj/FgwfgGcIdl8n7YYjTCI0BYwg==
  dependencies:
    regenerator-runtime "^0.13.4"

"@tannin/compile@^1.1.0":
  version "1.1.0"
  resolved "https://registry.yarnpkg.com/@tannin/compile/-/compile-1.1.0.tgz#1e4d1c5364cbfeffa1c20352c053e19ef20ffe93"
  integrity sha512-n8m9eNDfoNZoxdvWiTfW/hSPhehzLJ3zW7f8E7oT6mCROoMNWCB4TYtv041+2FMAxweiE0j7i1jubQU4MEC/Gg==
  dependencies:
    "@tannin/evaluate" "^1.2.0"
    "@tannin/postfix" "^1.1.0"

"@tannin/evaluate@^1.2.0":
  version "1.2.0"
  resolved "https://registry.yarnpkg.com/@tannin/evaluate/-/evaluate-1.2.0.tgz#468a13c45eff45340108836fc46c708457199c3f"
  integrity sha512-3ioXvNowbO/wSrxsDG5DKIMxC81P0QrQTYai8zFNY+umuoHWRPbQ/TuuDEOju9E+jQDXmj6yI5GyejNuh8I+eg==

"@tannin/plural-forms@^1.1.0":
  version "1.1.0"
  resolved "https://registry.yarnpkg.com/@tannin/plural-forms/-/plural-forms-1.1.0.tgz#cffbb060d2640a56a314e3c77cbf6ea6072b51d5"
  integrity sha512-xl9R2mDZO/qiHam1AgMnAES6IKIg7OBhcXqy6eDsRCdXuxAFPcjrej9HMjyCLE0DJ/8cHf0i5OQTstuBRhpbHw==
  dependencies:
    "@tannin/compile" "^1.1.0"

"@tannin/postfix@^1.1.0":
  version "1.1.0"
  resolved "https://registry.yarnpkg.com/@tannin/postfix/-/postfix-1.1.0.tgz#6071f4204ae26c2e885cf3a3f1203a9f71e3f291"
  integrity sha512-oocsqY7g0cR+Gur5jRQLSrX2OtpMLMse1I10JQBm8CdGMrDkh1Mg2gjsiquMHRtBs4Qwu5wgEp5GgIYHk4SNPw==

"@types/ffi-napi@^4.0.4":
  version "4.0.4"
  resolved "https://registry.yarnpkg.com/@types/ffi-napi/-/ffi-napi-4.0.4.tgz#2136fb9f4c211336da6d3e24c4567fd9182cd4b4"
  integrity sha512-okbJHGWpRsZTKudP9StCsxe8sWJozdF0WwXC2CLrfKWb9fkwc7nJaSJRfGQ9OeF9lQ9ihZEaOpcsuUvkdZ8Ksw==
  dependencies:
    "@types/node" "*"
    "@types/ref-napi" "*"
    "@types/ref-struct-di" "*"

"@types/node@*":
  version "16.10.2"
  resolved "https://registry.yarnpkg.com/@types/node/-/node-16.10.2.tgz#5764ca9aa94470adb4e1185fe2e9f19458992b2e"
  integrity sha512-zCclL4/rx+W5SQTzFs9wyvvyCwoK9QtBpratqz2IYJ3O8Umrn0m3nsTv0wQBk9sRGpvUe9CwPDrQFB10f1FIjQ==

"@types/node@^16.3.2":
  version "16.3.2"
  resolved "https://registry.yarnpkg.com/@types/node/-/node-16.3.2.tgz#655432817f83b51ac869c2d51dd8305fb8342e16"
  integrity sha512-jJs9ErFLP403I+hMLGnqDRWT0RYKSvArxuBVh2veudHV7ifEC1WAmjJADacZ7mRbA2nWgHtn8xyECMAot0SkAw==

"@types/ref-napi@*":
  version "3.0.4"
  resolved "https://registry.yarnpkg.com/@types/ref-napi/-/ref-napi-3.0.4.tgz#d7edc063b244c85767867ce1167ec2d7051728a1"
  integrity sha512-ng8SCmdZbz1GHaW3qgGoX9IaHoIvgMqgBHLe3sv18NbAkHVgnjRW8fJq51VTUm4lnJyLu60q9/002o7qjOg13g==
  dependencies:
    "@types/node" "*"

"@types/ref-struct-di@*":
  version "1.1.4"
  resolved "https://registry.yarnpkg.com/@types/ref-struct-di/-/ref-struct-di-1.1.4.tgz#3124c995a7929aa5165282d4f06c10918827f847"
  integrity sha512-TjP5G3OBHDXo1H6CYmel/QirY4mwCuW/JhRnqJdhWmJGcacB38I7DWiU2BWEuBq6udT7xL7016Zjmsro5av9Tw==
  dependencies:
    "@types/ref-napi" "*"

"@wordpress/hooks@^3.1.1":
  version "3.1.1"
  resolved "https://registry.yarnpkg.com/@wordpress/hooks/-/hooks-3.1.1.tgz#be9be2abbe97ad8c0bee52c96381e5a46e559963"
  integrity sha512-9f6H9WBwu6x/MM4ZCVLGGBuMiBcyaLapmAku5IwcWaeB2PtPduwjmk2NfGx35TuhBQD554DUg8WtTjIS019UAg==
  dependencies:
    "@babel/runtime" "^7.13.10"

"@wordpress/i18n@^4.1.1":
  version "4.1.1"
  resolved "https://registry.yarnpkg.com/@wordpress/i18n/-/i18n-4.1.1.tgz#3e7efe97dfa22aefa5e1989e5ee30cc6601b7b40"
  integrity sha512-Ra/hxR8WCLqDp2P49Ibr9ANhZZZ8WHnsO+4WG3XDarJ3lmzux0TcRThDKRCcYHsW3pzieARmrEa/BOlYD7ZEjQ==
  dependencies:
    "@babel/runtime" "^7.13.10"
    "@wordpress/hooks" "^3.1.1"
    gettext-parser "^1.3.1"
    lodash "^4.17.21"
    memize "^1.1.0"
    sprintf-js "^1.1.1"
    tannin "^1.2.0"

"@wordpress/keycodes@^3.1.1":
  version "3.1.1"
  resolved "https://registry.yarnpkg.com/@wordpress/keycodes/-/keycodes-3.1.1.tgz#d842167401967908713d2f43b3ff9f53cbef2bf8"
  integrity sha512-lLJTl/PJv0F5c02YfFdzS/sspmMM3kWYcix8sXsAQgjzLkOMizSQySBa3bpT2t5auN0YQ34YVyeupVfoY+evOQ==
  dependencies:
    "@babel/runtime" "^7.13.10"
    "@wordpress/i18n" "^4.1.1"
    lodash "^4.17.21"

debug@^3.1.0:
  version "3.2.7"
  resolved "https://registry.yarnpkg.com/debug/-/debug-3.2.7.tgz#72580b7e9145fb39b6676f9c5e5fb100b934179a"
  integrity sha512-CFjzYYAi4ThfiQvizrFQevTTXHtnCqWfe7x1AhgEscTz6ZbLbfoLRLPugTQyBth6f8ZERVUSyWHFD/7Wu4t1XQ==
  dependencies:
    ms "^2.1.1"

debug@^4.1.1:
  version "4.3.2"
  resolved "https://registry.yarnpkg.com/debug/-/debug-4.3.2.tgz#f0a49c18ac8779e31d4a0c6029dfb76873c7428b"
  integrity sha512-mOp8wKcvj7XxC78zLgw/ZA+6TSgkoE2C/ienthhRD298T7UNwAg9diBpLRxC0mOezLl4B0xV7M0cCO6P/O0Xhw==
  dependencies:
    ms "2.1.2"

encoding@^0.1.12:
  version "0.1.13"
  resolved "https://registry.yarnpkg.com/encoding/-/encoding-0.1.13.tgz#56574afdd791f54a8e9b2785c0582a2d26210fa9"
  integrity sha512-ETBauow1T35Y/WZMkio9jiM0Z5xjHHmJ4XmjZOq1l/dXz3lr2sRn87nJy20RupqSh1F2m3HHPSp8ShIPQJrJ3A==
  dependencies:
    iconv-lite "^0.6.2"

ffi-napi@^4.0.3:
  version "4.0.3"
  resolved "https://registry.yarnpkg.com/ffi-napi/-/ffi-napi-4.0.3.tgz#27a8d42a8ea938457154895c59761fbf1a10f441"
  integrity sha512-PMdLCIvDY9mS32RxZ0XGb95sonPRal8aqRhLbeEtWKZTe2A87qRFG9HjOhvG8EX2UmQw5XNRMIOT+1MYlWmdeg==
  dependencies:
    debug "^4.1.1"
    get-uv-event-loop-napi-h "^1.0.5"
    node-addon-api "^3.0.0"
    node-gyp-build "^4.2.1"
    ref-napi "^2.0.1 || ^3.0.2"
    ref-struct-di "^1.1.0"

get-symbol-from-current-process-h@^1.0.1, get-symbol-from-current-process-h@^1.0.2:
  version "1.0.2"
  resolved "https://registry.yarnpkg.com/get-symbol-from-current-process-h/-/get-symbol-from-current-process-h-1.0.2.tgz#510af52eaef873f7028854c3377f47f7bb200265"
  integrity sha512-syloC6fsCt62ELLrr1VKBM1ggOpMdetX9hTrdW77UQdcApPHLmf7CI7OKcN1c9kYuNxKcDe4iJ4FY9sX3aw2xw==

get-uv-event-loop-napi-h@^1.0.5:
  version "1.0.6"
  resolved "https://registry.yarnpkg.com/get-uv-event-loop-napi-h/-/get-uv-event-loop-napi-h-1.0.6.tgz#42b0b06b74c3ed21fbac8e7c72845fdb7a200208"
  integrity sha512-t5c9VNR84nRoF+eLiz6wFrEp1SE2Acg0wS+Ysa2zF0eROes+LzOfuTaVHxGy8AbS8rq7FHEJzjnCZo1BupwdJg==
  dependencies:
    get-symbol-from-current-process-h "^1.0.1"

gettext-parser@^1.3.1:
  version "1.4.0"
  resolved "https://registry.yarnpkg.com/gettext-parser/-/gettext-parser-1.4.0.tgz#f8baf34a292f03d5e42f02df099d301f167a7ace"
  integrity sha512-sedZYLHlHeBop/gZ1jdg59hlUEcpcZJofLq2JFwJT1zTqAU3l2wFv6IsuwFHGqbiT9DWzMUW4/em2+hspnmMMA==
  dependencies:
    encoding "^0.1.12"
    safe-buffer "^5.1.1"

iconv-lite@^0.6.2:
  version "0.6.3"
  resolved "https://registry.yarnpkg.com/iconv-lite/-/iconv-lite-0.6.3.tgz#a52f80bf38da1952eb5c681790719871a1a72501"
  integrity sha512-4fCk79wshMdzMp2rH06qWrJE4iolqLhCUH+OiuIgU++RB0+94NlDL81atO7GX55uUKueo0txHNtvEyI6D7WdMw==
  dependencies:
    safer-buffer ">= 2.1.2 < 3.0.0"

lodash@^4.17.21:
  version "4.17.21"
  resolved "https://registry.yarnpkg.com/lodash/-/lodash-4.17.21.tgz#679591c564c3bffaae8454cf0b3df370c3d6911c"
  integrity sha512-v2kDEe57lecTulaDIuNTPy3Ry4gLGJ6Z1O3vE1krgXZNrsQ+LFTGHVxVjcXPs17LhbZVGedAJv8XZ1tvj5FvSg==

memize@^1.1.0:
  version "1.1.0"
  resolved "https://registry.yarnpkg.com/memize/-/memize-1.1.0.tgz#4a5a684ac6992a13b1299043f3e49b1af6a0b0d3"
  integrity sha512-K4FcPETOMTwe7KL2LK0orMhpOmWD2wRGwWWpbZy0fyArwsyIKR8YJVz8+efBAh3BO4zPqlSICu4vsLTRRqtFAg==

ms@2.1.2:
  version "2.1.2"
  resolved "https://registry.yarnpkg.com/ms/-/ms-2.1.2.tgz#d09d1f357b443f493382a8eb3ccd183872ae6009"
  integrity sha512-sGkPx+VjMtmA6MX27oA4FBFELFCZZ4S4XqeGOXCv68tT+jb3vk/RyaKWP0PTKyWtmLSM0b+adUTEvbs1PEaH2w==

ms@^2.1.1:
  version "2.1.3"
  resolved "https://registry.yarnpkg.com/ms/-/ms-2.1.3.tgz#574c8138ce1d2b5861f0b44579dbadd60c6615b2"
  integrity sha512-6FlzubTLZG3J2a/NVCAleEhjzq5oxgHyaCU9yYXvcLsvoVaHJq/s5xXI6/XXP6tz7R9xAOtHnSO/tXtF3WRTlA==

node-addon-api@^3.0.0:
  version "3.2.1"
  resolved "https://registry.yarnpkg.com/node-addon-api/-/node-addon-api-3.2.1.tgz#81325e0a2117789c0128dab65e7e38f07ceba161"
  integrity sha512-mmcei9JghVNDYydghQmeDX8KoAm0FAiYyIcUt/N4nhyAipB17pllZQDOJD2fotxABnt4Mdz+dKTO7eftLg4d0A==

node-gyp-build@^4.2.1:
  version "4.3.0"
  resolved "https://registry.yarnpkg.com/node-gyp-build/-/node-gyp-build-4.3.0.tgz#9f256b03e5826150be39c764bf51e993946d71a3"
  integrity sha512-iWjXZvmboq0ja1pUGULQBexmxq8CV4xBhX7VDOTbL7ZR4FOowwY/VOtRxBN/yKxmdGoIp4j5ysNT4u3S2pDQ3Q==

node-watch@^0.7.1:
  version "0.7.1"
  resolved "https://registry.yarnpkg.com/node-watch/-/node-watch-0.7.1.tgz#0caaa6a6833b0d533487f953c52a6c787769ba7c"
  integrity sha512-UWblPYuZYrkCQCW5PxAwYSxaELNBLUckrTBBk8xr1/bUgyOkYYTsUcV4e3ytcazFEOyiRyiUrsG37pu6I0I05g==

"ref-napi@^2.0.1 || ^3.0.2":
  version "3.0.3"
  resolved "https://registry.yarnpkg.com/ref-napi/-/ref-napi-3.0.3.tgz#e259bfc2bbafb3e169e8cd9ba49037dd00396b22"
  integrity sha512-LiMq/XDGcgodTYOMppikEtJelWsKQERbLQsYm0IOOnzhwE9xYZC7x8txNnFC9wJNOkPferQI4vD4ZkC0mDyrOA==
  dependencies:
    debug "^4.1.1"
    get-symbol-from-current-process-h "^1.0.2"
    node-addon-api "^3.0.0"
    node-gyp-build "^4.2.1"

ref-struct-di@^1.1.0:
  version "1.1.1"
  resolved "https://registry.yarnpkg.com/ref-struct-di/-/ref-struct-di-1.1.1.tgz#5827b1d3b32372058f177547093db1fe1602dc10"
  integrity sha512-2Xyn/0Qgz89VT+++WP0sTosdm9oeowLP23wRJYhG4BFdMUrLj3jhwHZNEytYNYgtPKLNTP3KJX4HEgBvM1/Y2g==
  dependencies:
    debug "^3.1.0"

regenerator-runtime@^0.13.4:
  version "0.13.7"
  resolved "https://registry.yarnpkg.com/regenerator-runtime/-/regenerator-runtime-0.13.7.tgz#cac2dacc8a1ea675feaabaeb8ae833898ae46f55"
  integrity sha512-a54FxoJDIr27pgf7IgeQGxmqUNYrcV338lf/6gH456HZ/PhX+5BcwHXG9ajESmwe6WRO0tAzRUrRmNONWgkrew==

safe-buffer@^5.1.1:
  version "5.2.1"
  resolved "https://registry.yarnpkg.com/safe-buffer/-/safe-buffer-5.2.1.tgz#1eaf9fa9bdb1fdd4ec75f58f9cdb4e6b7827eec6"
  integrity sha512-rp3So07KcdmmKbGvgaNxQSJr7bGVSVk5S9Eq1F+ppbRo70+YeaDxkw5Dd8NPN+GD6bjnYm2VuPuCXmpuYvmCXQ==

"safer-buffer@>= 2.1.2 < 3.0.0":
  version "2.1.2"
  resolved "https://registry.yarnpkg.com/safer-buffer/-/safer-buffer-2.1.2.tgz#44fa161b0187b9549dd84bb91802f9bd8385cd6a"
  integrity sha512-YZo3K82SD7Riyi0E1EQPojLz7kpepnSQI9IyPbHHg1XXXevb5dJI7tpyN2ADxGcQbHG7vcyRHk0cbwqcQriUtg==

sprintf-js@^1.1.1:
  version "1.1.2"
  resolved "https://registry.yarnpkg.com/sprintf-js/-/sprintf-js-1.1.2.tgz#da1765262bf8c0f571749f2ad6c26300207ae673"
  integrity sha512-VE0SOVEHCk7Qc8ulkWw3ntAzXuqf7S2lvwQaDLRnUeIEaKNQJzV6BwmLKhOqT61aGhfUMrXeaBk+oDGCzvhcug==

tannin@^1.2.0:
  version "1.2.0"
  resolved "https://registry.yarnpkg.com/tannin/-/tannin-1.2.0.tgz#1da6fe65280dca4c3d84efb075b077b1b94362a6"
  integrity sha512-U7GgX/RcSeUETbV7gYgoz8PD7Ni4y95pgIP/Z6ayI3CfhSujwKEBlGFTCRN+Aqnuyf4AN2yHL+L8x+TCGjb9uA==
  dependencies:
    "@tannin/plural-forms" "^1.1.0"

winax@1.18.0:
  version "1.18.0"
  resolved "https://registry.yarnpkg.com/winax/-/winax-1.18.0.tgz#51153ed0d06cb8eb927c7ead7abd0a28c3ae331b"
  integrity sha512-isP1FXBL/m9Yv7Zr+s4/EAlWruI3WdkcmFhoOqf5JyLHhkkuJ3baM52xOO77KGE/m9uwIETgPy2xqcQ6jhykvQ==
